// !$*UTF8*$!
{
	archiveVersion = 1;
	classes = {
	};
	objectVersion = 55;
	objects = {

/* Begin PBXBuildFile section */
		7AD233B127CDD7EA009F04A7 /* AppDelegate.swift in Sources */ = {isa = PBXBuildFile; fileRef = 7AD233B027CDD7EA009F04A7 /* AppDelegate.swift */; };
		7AD233B527CDD7EA009F04A7 /* ViewController.swift in Sources */ = {isa = PBXBuildFile; fileRef = 7AD233B427CDD7EA009F04A7 /* ViewController.swift */; };
		7AD233B827CDD7EA009F04A7 /* Main.storyboard in Resources */ = {isa = PBXBuildFile; fileRef = 7AD233B627CDD7EA009F04A7 /* Main.storyboard */; };
		7AD233BA27CDD7EC009F04A7 /* Assets.xcassets in Resources */ = {isa = PBXBuildFile; fileRef = 7AD233B927CDD7EC009F04A7 /* Assets.xcassets */; };
		7AD233BD27CDD7EC009F04A7 /* LaunchScreen.storyboard in Resources */ = {isa = PBXBuildFile; fileRef = 7AD233BB27CDD7EC009F04A7 /* LaunchScreen.storyboard */; };
		7AD233C527CDE488009F04A7 /* WPBarCodeScannerViewController.swift in Sources */ = {isa = PBXBuildFile; fileRef = 7AD233C427CDE488009F04A7 /* WPBarCodeScannerViewController.swift */; };
		7AD233D427CDF3D6009F04A7 /* WPBarCodeScanner in Frameworks */ = {isa = PBXBuildFile; productRef = 7AD233D327CDF3D6009F04A7 /* WPBarCodeScanner */; };
/* End PBXBuildFile section */

/* Begin PBXFileReference section */
		7AD233AD27CDD7EA009F04A7 /* WPBarCodeScannerDemo.app */ = {isa = PBXFileReference; explicitFileType = wrapper.application; includeInIndex = 0; path = WPBarCodeScannerDemo.app; sourceTree = BUILT_PRODUCTS_DIR; };
		7AD233B027CDD7EA009F04A7 /* AppDelegate.swift */ = {isa = PBXFileReference; lastKnownFileType = sourcecode.swift; path = AppDelegate.swift; sourceTree = "<group>"; };
		7AD233B427CDD7EA009F04A7 /* ViewController.swift */ = {isa = PBXFileReference; lastKnownFileType = sourcecode.swift; path = ViewController.swift; sourceTree = "<group>"; };
		7AD233B727CDD7EA009F04A7 /* Base */ = {isa = PBXFileReference; lastKnownFileType = file.storyboard; name = Base; path = Base.lproj/Main.storyboard; sourceTree = "<group>"; };
		7AD233B927CDD7EC009F04A7 /* Assets.xcassets */ = {isa = PBXFileReference; lastKnownFileType = folder.assetcatalog; path = Assets.xcassets; sourceTree = "<group>"; };
		7AD233BC27CDD7EC009F04A7 /* Base */ = {isa = PBXFileReference; lastKnownFileType = file.storyboard; name = Base; path = Base.lproj/LaunchScreen.storyboard; sourceTree = "<group>"; };
		7AD233BE27CDD7EC009F04A7 /* Info.plist */ = {isa = PBXFileReference; lastKnownFileType = text.plist.xml; path = Info.plist; sourceTree = "<group>"; };
		7AD233C427CDE488009F04A7 /* WPBarCodeScannerViewController.swift */ = {isa = PBXFileReference; lastKnownFileType = sourcecode.swift; path = WPBarCodeScannerViewController.swift; sourceTree = "<group>"; };
		7AD233D227CDF3C0009F04A7 /* WPBarCodeScanner */ = {isa = PBXFileReference; lastKnownFileType = wrapper; name = WPBarCodeScanner; path = ../..; sourceTree = "<group>"; };
/* End PBXFileReference section */

/* Begin PBXFrameworksBuildPhase section */
		7AD233AA27CDD7EA009F04A7 /* Frameworks */ = {
			isa = PBXFrameworksBuildPhase;
			buildActionMask = 2147483647;
			files = (
				7AD233D427CDF3D6009F04A7 /* WPBarCodeScanner in Frameworks */,
			);
			runOnlyForDeploymentPostprocessing = 0;
		};
/* End PBXFrameworksBuildPhase section */

/* Begin PBXGroup section */
		7AD233A427CDD7EA009F04A7 = {
			isa = PBXGroup;
			children = (
				7AD233D127CDF3C0009F04A7 /* Packages */,
				7AD233AF27CDD7EA009F04A7 /* WPBarCodeScannerDemo */,
				7AD233AE27CDD7EA009F04A7 /* Products */,
				7AD233CA27CDEE38009F04A7 /* Frameworks */,
			);
			sourceTree = "<group>";
		};
		7AD233AE27CDD7EA009F04A7 /* Products */ = {
			isa = PBXGroup;
			children = (
				7AD233AD27CDD7EA009F04A7 /* WPBarCodeScannerDemo.app */,
			);
			name = Products;
			sourceTree = "<group>";
		};
		7AD233AF27CDD7EA009F04A7 /* WPBarCodeScannerDemo */ = {
			isa = PBXGroup;
			children = (
				7AD233B027CDD7EA009F04A7 /* AppDelegate.swift */,
				7AD233B427CDD7EA009F04A7 /* ViewController.swift */,
				7AD233B627CDD7EA009F04A7 /* Main.storyboard */,
				7AD233B927CDD7EC009F04A7 /* Assets.xcassets */,
				7AD233BB27CDD7EC009F04A7 /* LaunchScreen.storyboard */,
				7AD233BE27CDD7EC009F04A7 /* Info.plist */,
				7AD233C427CDE488009F04A7 /* WPBarCodeScannerViewController.swift */,
			);
			path = WPBarCodeScannerDemo;
			sourceTree = "<group>";
		};
		7AD233CA27CDEE38009F04A7 /* Frameworks */ = {
			isa = PBXGroup;
			children = (
			);
			name = Frameworks;
			sourceTree = "<group>";
		};
		7AD233D127CDF3C0009F04A7 /* Packages */ = {
			isa = PBXGroup;
			children = (
				7AD233D227CDF3C0009F04A7 /* WPBarCodeScanner */,
			);
			name = Packages;
			sourceTree = "<group>";
		};
/* End PBXGroup section */

/* Begin PBXNativeTarget section */
		7AD233AC27CDD7EA009F04A7 /* WPBarCodeScannerDemo */ = {
			isa = PBXNativeTarget;
			buildConfigurationList = 7AD233C127CDD7EC009F04A7 /* Build configuration list for PBXNativeTarget "WPBarCodeScannerDemo" */;
			buildPhases = (
				7AD233A927CDD7EA009F04A7 /* Sources */,
				7AD233AA27CDD7EA009F04A7 /* Frameworks */,
				7AD233AB27CDD7EA009F04A7 /* Resources */,
			);
			buildRules = (
			);
			dependencies = (
			);
			name = WPBarCodeScannerDemo;
			packageProductDependencies = (
				7AD233D327CDF3D6009F04A7 /* WPBarCodeScanner */,
			);
			productName = WPBarCodeScannerDemo;
			productReference = 7AD233AD27CDD7EA009F04A7 /* WPBarCodeScannerDemo.app */;
			productType = "com.apple.product-type.application";
		};
/* End PBXNativeTarget section */

/* Begin PBXProject section */
		7AD233A527CDD7EA009F04A7 /* Project object */ = {
			isa = PBXProject;
			attributes = {
				BuildIndependentTargetsInParallel = 1;
				LastSwiftUpdateCheck = 1320;
				LastUpgradeCheck = 1320;
				TargetAttributes = {
					7AD233AC27CDD7EA009F04A7 = {
						CreatedOnToolsVersion = 13.2.1;
					};
				};
			};
			buildConfigurationList = 7AD233A827CDD7EA009F04A7 /* Build configuration list for PBXProject "WPBarCodeScannerDemo" */;
			compatibilityVersion = "Xcode 13.0";
			developmentRegion = en;
			hasScannedForEncodings = 0;
			knownRegions = (
				en,
				Base,
			);
			mainGroup = 7AD233A427CDD7EA009F04A7;
			productRefGroup = 7AD233AE27CDD7EA009F04A7 /* Products */;
			projectDirPath = "";
			projectRoot = "";
			targets = (
				7AD233AC27CDD7EA009F04A7 /* WPBarCodeScannerDemo */,
			);
		};
/* End PBXProject section */

/* Begin PBXResourcesBuildPhase section */
		7AD233AB27CDD7EA009F04A7 /* Resources */ = {
			isa = PBXResourcesBuildPhase;
			buildActionMask = 2147483647;
			files = (
				7AD233BD27CDD7EC009F04A7 /* LaunchScreen.storyboard in Resources */,
				7AD233BA27CDD7EC009F04A7 /* Assets.xcassets in Resources */,
				7AD233B827CDD7EA009F04A7 /* Main.storyboard in Resources */,
			);
			runOnlyForDeploymentPostprocessing = 0;
		};
/* End PBXResourcesBuildPhase section */

/* Begin PBXSourcesBuildPhase section */
		7AD233A927CDD7EA009F04A7 /* Sources */ = {
			isa = PBXSourcesBuildPhase;
			buildActionMask = 2147483647;
			files = (
				7AD233C527CDE488009F04A7 /* WPBarCodeScannerViewController.swift in Sources */,
				7AD233B527CDD7EA009F04A7 /* ViewController.swift in Sources */,
				7AD233B127CDD7EA009F04A7 /* AppDelegate.swift in Sources */,
			);
			runOnlyForDeploymentPostprocessing = 0;
		};
/* End PBXSourcesBuildPhase section */

/* Begin PBXVariantGroup section */
		7AD233B627CDD7EA009F04A7 /* Main.storyboard */ = {
			isa = PBXVariantGroup;
			children = (
				7AD233B727CDD7EA009F04A7 /* Base */,
			);
			name = Main.storyboard;
			sourceTree = "<group>";
		};
		7AD233BB27CDD7EC009F04A7 /* LaunchScreen.storyboard */ = {
			isa = PBXVariantGroup;
			children = (
				7AD233BC27CDD7EC009F04A7 /* Base */,
			);
			name = LaunchScreen.storyboard;
			sourceTree = "<group>";
		};
/* End PBXVariantGroup section */

/* Begin XCBuildConfiguration section */
		7AD233BF27CDD7EC009F04A7 /* Debug */ = {
			isa = XCBuildConfiguration;
			buildSettings = {
				ALWAYS_SEARCH_USER_PATHS = NO;
				CLANG_ANALYZER_NONNULL = YES;
				CLANG_ANALYZER_NUMBER_OBJECT_CONVERSION = YES_AGGRESSIVE;
				CLANG_CXX_LANGUAGE_STANDARD = "gnu++17";
				CLANG_CXX_LIBRARY = "libc++";
				CLANG_ENABLE_MODULES = YES;
				CLANG_ENABLE_OBJC_ARC = YES;
				CLANG_ENABLE_OBJC_WEAK = YES;
				CLANG_WARN_BLOCK_CAPTURE_AUTORELEASING = YES;
				CLANG_WARN_BOOL_CONVERSION = YES;
				CLANG_WARN_COMMA = YES;
				CLANG_WARN_CONSTANT_CONVERSION = YES;
				CLANG_WARN_DEPRECATED_OBJC_IMPLEMENTATIONS = YES;
				CLANG_WARN_DIRECT_OBJC_ISA_USAGE = YES_ERROR;
				CLANG_WARN_DOCUMENTATION_COMMENTS = YES;
				CLANG_WARN_EMPTY_BODY = YES;
				CLANG_WARN_ENUM_CONVERSION = YES;
				CLANG_WARN_INFINITE_RECURSION = YES;
				CLANG_WARN_INT_CONVERSION = YES;
				CLANG_WARN_NON_LITERAL_NULL_CONVERSION = YES;
				CLANG_WARN_OBJC_IMPLICIT_RETAIN_SELF = YES;
				CLANG_WARN_OBJC_LITERAL_CONVERSION = YES;
				CLANG_WARN_OBJC_ROOT_CLASS = YES_ERROR;
				CLANG_WARN_QUOTED_INCLUDE_IN_FRAMEWORK_HEADER = YES;
				CLANG_WARN_RANGE_LOOP_ANALYSIS = YES;
				CLANG_WARN_STRICT_PROTOTYPES = YES;
				CLANG_WARN_SUSPICIOUS_MOVE = YES;
				CLANG_WARN_UNGUARDED_AVAILABILITY = YES_AGGRESSIVE;
				CLANG_WARN_UNREACHABLE_CODE = YES;
				CLANG_WARN__DUPLICATE_METHOD_MATCH = YES;
				COPY_PHASE_STRIP = NO;
				DEBUG_INFORMATION_FORMAT = dwarf;
				ENABLE_STRICT_OBJC_MSGSEND = YES;
				ENABLE_TESTABILITY = YES;
				GCC_C_LANGUAGE_STANDARD = gnu11;
				GCC_DYNAMIC_NO_PIC = NO;
				GCC_NO_COMMON_BLOCKS = YES;
				GCC_OPTIMIZATION_LEVEL = 0;
				GCC_PREPROCESSOR_DEFINITIONS = (
					"DEBUG=1",
					"$(inherited)",
				);
				GCC_WARN_64_TO_32_BIT_CONVERSION = YES;
				GCC_WARN_ABOUT_RETURN_TYPE = YES_ERROR;
				GCC_WARN_UNDECLARED_SELECTOR = YES;
				GCC_WARN_UNINITIALIZED_AUTOS = YES_AGGRESSIVE;
				GCC_WARN_UNUSED_FUNCTION = YES;
				GCC_WARN_UNUSED_VARIABLE = YES;
				IPHONEOS_DEPLOYMENT_TARGET = 15.2;
				MTL_ENABLE_DEBUG_INFO = INCLUDE_SOURCE;
				MTL_FAST_MATH = YES;
				ONLY_ACTIVE_ARCH = YES;
				SDKROOT = iphoneos;
				SWIFT_ACTIVE_COMPILATION_CONDITIONS = DEBUG;
				SWIFT_OPTIMIZATION_LEVEL = "-Onone";
			};
			name = Debug;
		};
		7AD233C027CDD7EC009F04A7 /* Release */ = {
			isa = XCBuildConfiguration;
			buildSettings = {
				ALWAYS_SEARCH_USER_PATHS = NO;
				CLANG_ANALYZER_NONNULL = YES;
				CLANG_ANALYZER_NUMBER_OBJECT_CONVERSION = YES_AGGRESSIVE;
				CLANG_CXX_LANGUAGE_STANDARD = "gnu++17";
				CLANG_CXX_LIBRARY = "libc++";
				CLANG_ENABLE_MODULES = YES;
				CLANG_ENABLE_OBJC_ARC = YES;
				CLANG_ENABLE_OBJC_WEAK = YES;
				CLANG_WARN_BLOCK_CAPTURE_AUTORELEASING = YES;
				CLANG_WARN_BOOL_CONVERSION = YES;
				CLANG_WARN_COMMA = YES;
				CLANG_WARN_CONSTANT_CONVERSION = YES;
				CLANG_WARN_DEPRECATED_OBJC_IMPLEMENTATIONS = YES;
				CLANG_WARN_DIRECT_OBJC_ISA_USAGE = YES_ERROR;
				CLANG_WARN_DOCUMENTATION_COMMENTS = YES;
				CLANG_WARN_EMPTY_BODY = YES;
				CLANG_WARN_ENUM_CONVERSION = YES;
				CLANG_WARN_INFINITE_RECURSION = YES;
				CLANG_WARN_INT_CONVERSION = YES;
				CLANG_WARN_NON_LITERAL_NULL_CONVERSION = YES;
				CLANG_WARN_OBJC_IMPLICIT_RETAIN_SELF = YES;
				CLANG_WARN_OBJC_LITERAL_CONVERSION = YES;
				CLANG_WARN_OBJC_ROOT_CLASS = YES_ERROR;
				CLANG_WARN_QUOTED_INCLUDE_IN_FRAMEWORK_HEADER = YES;
				CLANG_WARN_RANGE_LOOP_ANALYSIS = YES;
				CLANG_WARN_STRICT_PROTOTYPES = YES;
				CLANG_WARN_SUSPICIOUS_MOVE = YES;
				CLANG_WARN_UNGUARDED_AVAILABILITY = YES_AGGRESSIVE;
				CLANG_WARN_UNREACHABLE_CODE = YES;
				CLANG_WARN__DUPLICATE_METHOD_MATCH = YES;
				COPY_PHASE_STRIP = NO;
				DEBUG_INFORMATION_FORMAT = "dwarf-with-dsym";
				ENABLE_NS_ASSERTIONS = NO;
				ENABLE_STRICT_OBJC_MSGSEND = YES;
				GCC_C_LANGUAGE_STANDARD = gnu11;
				GCC_NO_COMMON_BLOCKS = YES;
				GCC_WARN_64_TO_32_BIT_CONVERSION = YES;
				GCC_WARN_ABOUT_RETURN_TYPE = YES_ERROR;
				GCC_WARN_UNDECLARED_SELECTOR = YES;
				GCC_WARN_UNINITIALIZED_AUTOS = YES_AGGRESSIVE;
				GCC_WARN_UNUSED_FUNCTION = YES;
				GCC_WARN_UNUSED_VARIABLE = YES;
				IPHONEOS_DEPLOYMENT_TARGET = 15.2;
				MTL_ENABLE_DEBUG_INFO = NO;
				MTL_FAST_MATH = YES;
				SDKROOT = iphoneos;
				SWIFT_COMPILATION_MODE = wholemodule;
				SWIFT_OPTIMIZATION_LEVEL = "-O";
				VALIDATE_PRODUCT = YES;
			};
			name = Release;
		};
		7AD233C227CDD7EC009F04A7 /* Debug */ = {
			isa = XCBuildConfiguration;
			buildSettings = {
				ASSETCATALOG_COMPILER_APPICON_NAME = AppIcon;
				ASSETCATALOG_COMPILER_GLOBAL_ACCENT_COLOR_NAME = AccentColor;
				CODE_SIGN_STYLE = Automatic;
				CURRENT_PROJECT_VERSION = 1;
				DEVELOPMENT_TEAM = 49ZCVSQ8X9;
				GENERATE_INFOPLIST_FILE = YES;
				INFOPLIST_FILE = WPBarCodeScannerDemo/Info.plist;
				INFOPLIST_KEY_UIApplicationSupportsIndirectInputEvents = YES;
				INFOPLIST_KEY_UILaunchStoryboardName = LaunchScreen;
				INFOPLIST_KEY_UIMainStoryboardFile = Main;
				INFOPLIST_KEY_UISupportedInterfaceOrientations_iPad = "UIInterfaceOrientationPortrait UIInterfaceOrientationPortraitUpsideDown UIInterfaceOrientationLandscapeLeft UIInterfaceOrientationLandscapeRight";
				INFOPLIST_KEY_UISupportedInterfaceOrientations_iPhone = "UIInterfaceOrientationPortrait UIInterfaceOrientationLandscapeLeft UIInterfaceOrientationLandscapeRight";
				IPHONEOS_DEPLOYMENT_TARGET = 12.0;
				LD_RUNPATH_SEARCH_PATHS = (
					"$(inherited)",
					"@executable_path/Frameworks",
				);
				MARKETING_VERSION = 1.0;
				PRODUCT_BUNDLE_IDENTIFIER = com.wumeng.WPBarCodeScannerDemo;
				PRODUCT_NAME = "$(TARGET_NAME)";
				SWIFT_EMIT_LOC_STRINGS = YES;
				SWIFT_VERSION = 5.0;
				TARGETED_DEVICE_FAMILY = "1,2";
			};
			name = Debug;
		};
		7AD233C327CDD7EC009F04A7 /* Release */ = {
			isa = XCBuildConfiguration;
			buildSettings = {
				ASSETCATALOG_COMPILER_APPICON_NAME = AppIcon;
				ASSETCATALOG_COMPILER_GLOBAL_ACCENT_COLOR_NAME = AccentColor;
				CODE_SIGN_STYLE = Automatic;
				CURRENT_PROJECT_VERSION = 1;
				DEVELOPMENT_TEAM = 49ZCVSQ8X9;
				GENERATE_INFOPLIST_FILE = YES;
				INFOPLIST_FILE = WPBarCodeScannerDemo/Info.plist;
				INFOPLIST_KEY_UIApplicationSupportsIndirectInputEvents = YES;
				INFOPLIST_KEY_UILaunchStoryboardName = LaunchScreen;
				INFOPLIST_KEY_UIMainStoryboardFile = Main;
				INFOPLIST_KEY_UISupportedInterfaceOrientations_iPad = "UIInterfaceOrientationPortrait UIInterfaceOrientationPortraitUpsideDown UIInterfaceOrientationLandscapeLeft UIInterfaceOrientationLandscapeRight";
				INFOPLIST_KEY_UISupportedInterfaceOrientations_iPhone = "UIInterfaceOrientationPortrait UIInterfaceOrientationLandscapeLeft UIInterfaceOrientationLandscapeRight";
				IPHONEOS_DEPLOYMENT_TARGET = 12.0;
				LD_RUNPATH_SEARCH_PATHS = (
					"$(inherited)",
					"@executable_path/Frameworks",
				);
				MARKETING_VERSION = 1.0;
				PRODUCT_BUNDLE_IDENTIFIER = com.wumeng.WPBarCodeScannerDemo;
				PRODUCT_NAME = "$(TARGET_NAME)";
				SWIFT_EMIT_LOC_STRINGS = YES;
				SWIFT_VERSION = 5.0;
				TARGETED_DEVICE_FAMILY = "1,2";
			};
			name = Release;
		};
/* End XCBuildConfiguration section */

/* Begin XCConfigurationList section */
		7AD233A827CDD7EA009F04A7 /* Build configuration list for PBXProject "WPBarCodeScannerDemo" */ = {
			isa = XCConfigurationList;
			buildConfigurations = (
				7AD233BF27CDD7EC009F04A7 /* Debug */,
				7AD233C027CDD7EC009F04A7 /* Release */,
			);
			defaultConfigurationIsVisible = 0;
			defaultConfigurationName = Release;
		};
		7AD233C127CDD7EC009F04A7 /* Build configuration list for PBXNativeTarget "WPBarCodeScannerDemo" */ = {
			isa = XCConfigurationList;
			buildConfigurations = (
				7AD233C227CDD7EC009F04A7 /* Debug */,
				7AD233C327CDD7EC009F04A7 /* Release */,
			);
			defaultConfigurationIsVisible = 0;
			defaultConfigurationName = Release;
		};
/* End XCConfigurationList section */

/* Begin XCSwiftPackageProductDependency section */
		7AD233D327CDF3D6009F04A7 /* WPBarCodeScanner */ = {
			isa = XCSwiftPackageProductDependency;
			productName = WPBarCodeScanner;
		};
/* End XCSwiftPackageProductDependency section */
	};
	rootObject = 7AD233A527CDD7EA009F04A7 /* Project object */;
}
